PODS:
  - Alamofire (5.4.1)
  - BitLabs (1.0.0):
    - Alamofire (~> 5.2)
    - SwiftyJSON (~> 5.0)
  - SwiftyJSON (5.0.0)

DEPENDENCIES:
  - BitLabs (from `../`)

SPEC REPOS:
  trunk:
    - Alamofire
    - SwiftyJSON

EXTERNAL SOURCES:
  BitLabs:
    :path: "../"

SPEC CHECKSUMS:
  Alamofire: 2291f7d21ca607c491dd17642e5d40fdcda0e65c
  BitLabs: ed76bf6fb021e725912b1b4e8cf4da47f4fe5b83
  SwiftyJSON: 36413e04c44ee145039d332b4f4e2d3e8d6c4db7

PODFILE CHECKSUM: ed1946ba5c4f5f502d8ba24a84de3afaf2d6ac53

COCOAPODS: 1.10.0
