PODS:
  - Alamofire (5.4.0)
  - BitLabSDK (0.1.0):
    - Alamofire (~> 5.2)
    - SwiftyJSON (~> 5.0)
  - SwiftyJSON (5.0.0)

DEPENDENCIES:
  - BitLabSDK (from `../`)

SPEC REPOS:
  trunk:
    - Alamofire
    - SwiftyJSON

EXTERNAL SOURCES:
  BitLabSDK:
    :path: "../"

SPEC CHECKSUMS:
  Alamofire: 3b6a534a3df22db367e4dedeeca73d1ddfcf0e2f
  BitLabSDK: e5d77c0d271b548230c12c220fae2624b612927e
  SwiftyJSON: 36413e04c44ee145039d332b4f4e2d3e8d6c4db7

PODFILE CHECKSUM: 9ca89deadde06c9c4e43a9179602d84ab15b1b78

COCOAPODS: 1.10.0
